{
  "requires": true,
  "lockfileVersion": 1,
  "dependencies": {
    "@babel/runtime": {
      "version": "7.12.1",
      "resolved": "https://registry.npmjs.org/@babel/runtime/-/runtime-7.12.1.tgz",
      "integrity": "sha512-J5AIf3vPj3UwXaAzb5j1xM4WAQDX3EMgemF8rjCP3SoW09LfRKAXQKt6CoVYl230P6iWdRcBbnLDDdnqWxZSCA==",
      "requires": {
        "regenerator-runtime": "^0.13.4"
      }
    },
    "@brunoimbrizi/controlkit": {
      "version": "0.1.99",
      "resolved": "https://registry.npmjs.org/@brunoimbrizi/controlkit/-/controlkit-0.1.99.tgz",
      "integrity": "sha512-7ARlzOHGcz2J8CHniV6aCc5yWbUGOzpfI56mBdxvwD5YIKGp8wKE04AqJ/2BwouhDNqyId9SPvqG+IQmw0DkDQ=="
    },
    "@juggle/resize-observer": {
      "version": "3.2.0",
      "resolved": "https://registry.npmjs.org/@juggle/resize-observer/-/resize-observer-3.2.0.tgz",
      "integrity": "sha512-fsLxt0CHx2HCV9EL8lDoVkwHffsA0snUpddYjdLyXcG5E41xaamn9ZyQqOE9TUJdrRlH8/hjIf+UdOdDeKCUgg=="
    },
    "browser-detect": {
      "version": "0.2.28",
      "resolved": "https://registry.npmjs.org/browser-detect/-/browser-detect-0.2.28.tgz",
      "integrity": "sha512-KeWGHqYQmHDkCFG2dIiX/2wFUgqevbw/rd6wNi9N6rZbaSJFtG5kel0HtprRwCGp8sqpQP79LzDJXf/WCx4WAw==",
      "requires": {
        "core-js": "^2.5.7"
      }
    },
    "core-js": {
      "version": "2.6.11",
      "resolved": "https://registry.npmjs.org/core-js/-/core-js-2.6.11.tgz",
      "integrity": "sha512-5wjnpaT/3dV+XB4borEsnAYQchn00XSgTAWKDkEqv+K8KevjbzmofK6hfJ9TZIlpj2N0xQpazy7PiRQiWHqzWg=="
    },
    "debounce": {
      "version": "1.2.0",
      "resolved": "https://registry.npmjs.org/debounce/-/debounce-1.2.0.tgz",
      "integrity": "sha512-mYtLl1xfZLi1m4RtQYlZgJUNQjl4ZxVnHzIR8nLLgi4q1YT8o/WM+MK/f8yfcc9s5Ir5zRaPZyZU6xs1Syoocg=="
    },
    "domready": {
      "version": "1.0.8",
      "resolved": "https://registry.npmjs.org/domready/-/domready-1.0.8.tgz",
      "integrity": "sha1-kfJS5Ze2Wvd+dFriTdAYXV4m1Yw="
    },
    "fast-deep-equal": {
      "version": "3.1.3",
      "resolved": "https://registry.npmjs.org/fast-deep-equal/-/fast-deep-equal-3.1.3.tgz",
      "integrity": "sha512-f3qQ9oQy9j2AhBe/H9VC91wLmKBCCU/gDOnKNAYG5hswO7BLKj09Hc5HYNz9cGI++xlpDCIgDaitVs03ATR84Q=="
    },
    "glsl-noise": {
      "version": "0.0.0",
      "resolved": "https://registry.npmjs.org/glsl-noise/-/glsl-noise-0.0.0.tgz",
      "integrity": "sha1-NndF86MzgsDu7Ey1S36Zz8HXZws="
    },
    "gsap": {
      "version": "2.1.3",
      "resolved": "https://registry.npmjs.org/gsap/-/gsap-2.1.3.tgz",
      "integrity": "sha512-8RFASCqi2FOCBuv7X4o7M6bLdy+1hbR0azg+MG7zz+EVsI+OmJblYsTk0GEepQd2Jg/ItMPiVTibF7r3EVxjZQ=="
    },
    "js-tokens": {
      "version": "4.0.0",
      "resolved": "https://registry.npmjs.org/js-tokens/-/js-tokens-4.0.0.tgz",
      "integrity": "sha512-RdJUflcE3cUzKiMqQgsCu06FPu9UdIJO0beYbPhHN4k6apgJtifcoCtT9bcxOpYBtpD2kCM6Sbzg4CausW/PKQ=="
    },
    "loose-envify": {
      "version": "1.4.0",
      "resolved": "https://registry.npmjs.org/loose-envify/-/loose-envify-1.4.0.tgz",
      "integrity": "sha512-lyuxPGr/Wfhrlem2CL/UcnUc1zcqKAImBDzukY7Y5F/yQiNdko6+fRLevlw1HgMySw7f611UIY408EtxRSoK3Q==",
      "requires": {
        "js-tokens": "^3.0.0 || ^4.0.0"
      }
    },
    "object-assign": {
      "version": "4.1.1",
      "resolved": "https://registry.npmjs.org/object-assign/-/object-assign-4.1.1.tgz",
      "integrity": "sha1-IQmtx5ZYh8/AXLvUQsrIv7s2CGM="
    },
    "react-merge-refs": {
      "version": "1.1.0",
      "resolved": "https://registry.npmjs.org/react-merge-refs/-/react-merge-refs-1.1.0.tgz",
      "integrity": "sha512-alTKsjEL0dKH/ru1Iyn7vliS2QRcBp9zZPGoWxUOvRGWPUYgjo+V01is7p04It6KhgrzhJGnIj9GgX8W4bZoCQ=="
    },
    "react-reconciler": {
      "version": "0.26.0",
      "resolved": "https://registry.npmjs.org/react-reconciler/-/react-reconciler-0.26.0.tgz",
      "integrity": "sha512-n2FJE9vPSiZ0Dn/jaV/iOAO6rXepnk74QGRcgwPSgmN/2syUJnbfEz7Bw5yodBfJhjA3L7cu1YdImYISTj4KZQ==",
      "requires": {
        "loose-envify": "^1.1.0",
        "object-assign": "^4.1.1",
        "scheduler": "^0.20.0"
      }
    },
    "react-three-fiber": {
      "version": "5.1.3",
      "resolved": "https://registry.npmjs.org/react-three-fiber/-/react-three-fiber-5.1.3.tgz",
      "integrity": "sha512-lJ4DTAEcF7tHmW3yIsmAfGm1t4BkMaRd8X1PqnCnz6KmodtVy8x+D5LXTiSGqeJ0a7HCN39cDKEmH6yLwfyw1w==",
      "requires": {
        "@babel/runtime": "^7.12.1",
        "@juggle/resize-observer": "^3.2.0",
        "react-merge-refs": "^1.1.0",
        "react-reconciler": "0.26.0",
        "react-use-measure": "^2.0.2",
        "resize-observer-polyfill": "^1.5.1",
        "scheduler": "0.20.0",
        "tiny-emitter": "^2.1.0",
        "use-asset": "^0.1.2",
        "utility-types": "^3.10.0"
      }
    },
    "react-use-measure": {
      "version": "2.0.2",
      "resolved": "https://registry.npmjs.org/react-use-measure/-/react-use-measure-2.0.2.tgz",
      "integrity": "sha512-/+eSmQiU2ePNTwFCXX4JPrQNMvyu3sWrSDi/n5F6IMXwboB46IvtU8VHvG7Nc+egvtM7sBJKwmUx/vx6KIRDog==",
      "requires": {
        "debounce": "^1.2.0"
      }
    },
    "regenerator-runtime": {
      "version": "0.13.7",
      "resolved": "https://registry.npmjs.org/regenerator-runtime/-/regenerator-runtime-0.13.7.tgz",
      "integrity": "sha512-a54FxoJDIr27pgf7IgeQGxmqUNYrcV338lf/6gH456HZ/PhX+5BcwHXG9ajESmwe6WRO0tAzRUrRmNONWgkrew=="
    },
    "resize-observer-polyfill": {
      "version": "1.5.1",
      "resolved": "https://registry.npmjs.org/resize-observer-polyfill/-/resize-observer-polyfill-1.5.1.tgz",
      "integrity": "sha512-LwZrotdHOo12nQuZlHEmtuXdqGoOD0OhaxopaNFxWzInpEgaLWoVuAMbTzixuosCx2nEG58ngzW3vxdWoxIgdg=="
    },
    "scheduler": {
      "version": "0.20.0",
      "resolved": "https://registry.npmjs.org/scheduler/-/scheduler-0.20.0.tgz",
      "integrity": "sha512-XegIgta1bIaz2LdaL6eg1GEcE42g0BY9qFXCqlZ/+s2MuEKfigFCW6DEGBlZzeVFlwDmVusrWEyFtBo4sbkkdA==",
      "requires": {
        "loose-envify": "^1.1.0",
        "object-assign": "^4.1.1"
      }
    },
    "stats.js": {
      "version": "0.17.0",
      "resolved": "https://registry.npmjs.org/stats.js/-/stats.js-0.17.0.tgz",
      "integrity": "sha1-scPcRtlEmLV4t/05hbgaznExzH0="
    },
    "three": {
      "version": "0.98.0",
      "resolved": "https://registry.npmjs.org/three/-/three-0.98.0.tgz",
      "integrity": "sha512-fihjYVjCmQbI03zt1+YCl/m+UrZCcDHFNLexgqBOIdPwnO6PYkQaYUsIbqtvNNse+BiMeu+pQWzZn9/NSnIv6A=="
    },
    "tiny-emitter": {
      "version": "2.1.0",
      "resolved": "https://registry.npmjs.org/tiny-emitter/-/tiny-emitter-2.1.0.tgz",
      "integrity": "sha512-NB6Dk1A9xgQPMoGqC5CVXn123gWyte215ONT5Pp5a0yt4nlEoO1ZWeCwpncaekPHXO60i47ihFnZPiRPjRMq4Q=="
    },
    "use-asset": {
      "version": "0.1.2",
      "resolved": "https://registry.npmjs.org/use-asset/-/use-asset-0.1.2.tgz",
      "integrity": "sha512-hXnxOm5nDtxN5KPL5PUhEXbNsL9z8xIkYXo4WSBzV2dfS9ahaL6K+P/oMOUUiJ0FfyD1+N5EL8LhwVPUE6xHWA==",
      "requires": {
        "fast-deep-equal": "^3.1.3"
      }
    },
    "utility-types": {
      "version": "3.10.0",
      "resolved": "https://registry.npmjs.org/utility-types/-/utility-types-3.10.0.tgz",
      "integrity": "sha512-O11mqxmi7wMKCo6HKFt5AhO4BwY3VV68YU07tgxfz8zJTIxr4BpsezN49Ffwy9j3ZpwwJp4fkRwjRzq3uWE6Rg=="
    },
    "webpack-threejs": {
      "version": "1.0.1",
      "resolved": "https://registry.npmjs.org/webpack-threejs/-/webpack-threejs-1.0.1.tgz",
      "integrity": "sha512-dbeqrOVYBB3RRXWynvbECP35aew3EMBCICB73f7j4g7Dl0BfNL86dvRHgu9W78V3DcNSwcIL3no/RZby9mZyIw==",
      "requires": {
        "@brunoimbrizi/controlkit": "^0.1.93",
        "browser-detect": "^0.2.28",
        "domready": "^1.0.8",
        "glsl-noise": "0.0.0",
        "gsap": "^2.0.2",
        "stats.js": "^0.17.0",
        "three": "^0.98.0"
      }
    }
  }
}
